
Microsoft Visual Studio Solution File, Format Version 12.00
# Visual Studio 14
VisualStudioVersion = 14.0.25123.0
MinimumVisualStudioVersion = 10.0.40219.1
Project("{8BC9CEB8-8B4A-11D0-8D11-00A0C91BC942}") = "Skeet", "Skeet\Skeet.vcxproj", "{14ED9262-9EF8-4C03-87FB-D72931C15FFB}"
EndProject
Project("{F088123C-0E9E-452A-89E6-6BA2F21D5CAC}") = "ModelingProject1", "ModelingProject1\ModelingProject1.modelproj", "{8BBF74FD-B43E-4280-835F-8DD1CD2C61A9}"
EndProject
Global
	GlobalSection(SolutionConfigurationPlatforms) = preSolution
		Debug|Any CPU = Debug|Any CPU
		Debug|x64 = Debug|x64
		Debug|x86 = Debug|x86
		Release|Any CPU = Release|Any CPU
		Release|x64 = Release|x64
		Release|x86 = Release|x86
	EndGlobalSection
	GlobalSection(ProjectConfigurationPlatforms) = postSolution
		{14ED9262-9EF8-4C03-87FB-D72931C15FFB}.Debug|Any CPU.ActiveCfg = Debug|Win32
		{14ED9262-9EF8-4C03-87FB-D72931C15FFB}.Debug|x64.ActiveCfg = Debug|x64
		{14ED9262-9EF8-4C03-87FB-D72931C15FFB}.Debug|x64.Build.0 = Debug|x64
		{14ED9262-9EF8-4C03-87FB-D72931C15FFB}.Debug|x86.ActiveCfg = Debug|Win32
		{14ED9262-9EF8-4C03-87FB-D72931C15FFB}.Debug|x86.Build.0 = Debug|Win32
		{14ED9262-9EF8-4C03-87FB-D72931C15FFB}.Release|Any CPU.ActiveCfg = Release|Win32
		{14ED9262-9EF8-4C03-87FB-D72931C15FFB}.Release|x64.ActiveCfg = Release|x64
		{14ED9262-9EF8-4C03-87FB-D72931C15FFB}.Release|x64.Build.0 = Release|x64
		{14ED9262-9EF8-4C03-87FB-D72931C15FFB}.Release|x86.ActiveCfg = Release|Win32
		{14ED9262-9EF8-4C03-87FB-D72931C15FFB}.Release|x86.Build.0 = Release|Win32
		{8BBF74FD-B43E-4280-835F-8DD1CD2C61A9}.Debug|Any CPU.ActiveCfg = Debug|Any CPU
		{8BBF74FD-B43E-4280-835F-8DD1CD2C61A9}.Debug|Any CPU.Build.0 = Debug|Any CPU
		{8BBF74FD-B43E-4280-835F-8DD1CD2C61A9}.Debug|x64.ActiveCfg = Debug|Any CPU
		{8BBF74FD-B43E-4280-835F-8DD1CD2C61A9}.Debug|x64.Build.0 = Debug|Any CPU
		{8BBF74FD-B43E-4280-835F-8DD1CD2C61A9}.Debug|x86.ActiveCfg = Debug|Any CPU
		{8BBF74FD-B43E-4280-835F-8DD1CD2C61A9}.Debug|x86.Build.0 = Debug|Any CPU
		{8BBF74FD-B43E-4280-835F-8DD1CD2C61A9}.Release|Any CPU.ActiveCfg = Release|Any CPU
		{8BBF74FD-B43E-4280-835F-8DD1CD2C61A9}.Release|Any CPU.Build.0 = Release|Any CPU
		{8BBF74FD-B43E-4280-835F-8DD1CD2C61A9}.Release|x64.ActiveCfg = Release|Any CPU
		{8BBF74FD-B43E-4280-835F-8DD1CD2C61A9}.Release|x64.Build.0 = Release|Any CPU
		{8BBF74FD-B43E-4280-835F-8DD1CD2C61A9}.Release|x86.ActiveCfg = Release|Any CPU
		{8BBF74FD-B43E-4280-835F-8DD1CD2C61A9}.Release|x86.Build.0 = Release|Any CPU
	EndGlobalSection
	GlobalSection(SolutionProperties) = preSolution
		HideSolutionNode = FALSE
	EndGlobalSection
EndGlobal
